
Microsoft Visual Studio Solution File, Format Version 12.00
# Visual Studio Version 16
VisualStudioVersion = 16.0.31112.23
MinimumVisualStudioVersion = 10.0.40219.1
Project("{FAE04EC0-301F-11D3-BF4B-00C04F79EFBC}") = "ClassListConvertAll", "ClassListConvertAll\ClassListConvertAll.csproj", "{7344D426-1730-4A30-8484-1072F4FAFC9C}"
EndProject
Global
	GlobalSection(SolutionConfigurationPlatforms) = preSolution
		Debug|Any CPU = Debug|Any CPU
		Release|Any CPU = Release|Any CPU
	EndGlobalSection
	GlobalSection(ProjectConfigurationPlatforms) = postSolution
		{7344D426-1730-4A30-8484-1072F4FAFC9C}.Debug|Any CPU.ActiveCfg = Debug|Any CPU
		{7344D426-1730-4A30-8484-1072F4FAFC9C}.Debug|Any CPU.Build.0 = Debug|Any CPU
		{7344D426-1730-4A30-8484-1072F4FAFC9C}.Release|Any CPU.ActiveCfg = Release|Any CPU
		{7344D426-1730-4A30-8484-1072F4FAFC9C}.Release|Any CPU.Build.0 = Release|Any CPU
	EndGlobalSection
	GlobalSection(SolutionProperties) = preSolution
		HideSolutionNode = FALSE
	EndGlobalSection
	GlobalSection(ExtensibilityGlobals) = postSolution
		SolutionGuid = {ED277587-9E19-4FEE-9160-B66850025E03}
	EndGlobalSection
EndGlobal
