
Microsoft Visual Studio Solution File, Format Version 12.00
# Visual Studio Version 16
VisualStudioVersion = 16.0.31112.23
MinimumVisualStudioVersion = 10.0.40219.1
Project("{FAE04EC0-301F-11D3-BF4B-00C04F79EFBC}") = "WebApplication3", "WebApplication3\WebApplication3.csproj", "{5A13B0B9-717E-4531-AF00-6131277ECAED}"
EndProject
Global
	GlobalSection(SolutionConfigurationPlatforms) = preSolution
		Debug|Any CPU = Debug|Any CPU
		Release|Any CPU = Release|Any CPU
	EndGlobalSection
	GlobalSection(ProjectConfigurationPlatforms) = postSolution
		{5A13B0B9-717E-4531-AF00-6131277ECAED}.Debug|Any CPU.ActiveCfg = Debug|Any CPU
		{5A13B0B9-717E-4531-AF00-6131277ECAED}.Debug|Any CPU.Build.0 = Debug|Any CPU
		{5A13B0B9-717E-4531-AF00-6131277ECAED}.Release|Any CPU.ActiveCfg = Release|Any CPU
		{5A13B0B9-717E-4531-AF00-6131277ECAED}.Release|Any CPU.Build.0 = Release|Any CPU
	EndGlobalSection
	GlobalSection(SolutionProperties) = preSolution
		HideSolutionNode = FALSE
	EndGlobalSection
	GlobalSection(ExtensibilityGlobals) = postSolution
		SolutionGuid = {BE5C5AE7-C7DA-48C6-AAFD-BA1CB7F6D21E}
	EndGlobalSection
EndGlobal
